
Microsoft Visual Studio Solution File, Format Version 12.00
# Visual Studio Version 17
VisualStudioVersion = 17.9.34622.214
MinimumVisualStudioVersion = 10.0.40219.1
Project("{9A19103F-16F7-4668-BE54-9A1E7A4F7556}") = "SharpBlaze", "SharpBlaze\SharpBlaze.csproj", "{8F3BD93D-D363-49E9-9876-92761B2BEE72}"
EndProject
Project("{9A19103F-16F7-4668-BE54-9A1E7A4F7556}") = "SharpBlaze.Win32", "SharpBlaze.Win32\SharpBlaze.Win32.csproj", "{038C5A04-73A1-45D3-838E-3879BB0B3AA0}"
EndProject
Global
	GlobalSection(SolutionConfigurationPlatforms) = preSolution
		Debug|Any CPU = Debug|Any CPU
		Release|Any CPU = Release|Any CPU
	EndGlobalSection
	GlobalSection(ProjectConfigurationPlatforms) = postSolution
		{8F3BD93D-D363-49E9-9876-92761B2BEE72}.Debug|Any CPU.ActiveCfg = Debug|Any CPU
		{8F3BD93D-D363-49E9-9876-92761B2BEE72}.Debug|Any CPU.Build.0 = Debug|Any CPU
		{8F3BD93D-D363-49E9-9876-92761B2BEE72}.Release|Any CPU.ActiveCfg = Release|Any CPU
		{8F3BD93D-D363-49E9-9876-92761B2BEE72}.Release|Any CPU.Build.0 = Release|Any CPU
		{038C5A04-73A1-45D3-838E-3879BB0B3AA0}.Debug|Any CPU.ActiveCfg = Debug|Any CPU
		{038C5A04-73A1-45D3-838E-3879BB0B3AA0}.Debug|Any CPU.Build.0 = Debug|Any CPU
		{038C5A04-73A1-45D3-838E-3879BB0B3AA0}.Release|Any CPU.ActiveCfg = Release|Any CPU
		{038C5A04-73A1-45D3-838E-3879BB0B3AA0}.Release|Any CPU.Build.0 = Release|Any CPU
	EndGlobalSection
	GlobalSection(SolutionProperties) = preSolution
		HideSolutionNode = FALSE
	EndGlobalSection
	GlobalSection(ExtensibilityGlobals) = postSolution
		SolutionGuid = {D2FC20D2-9C4A-4D51-8655-8E323B95E045}
	EndGlobalSection
EndGlobal
